// !$*UTF8*$!
{
	archiveVersion = 1;
	classes = {
	};
	objectVersion = 55;
	objects = {

/* Begin PBXBuildFile section */
		0214CF3627F4781300FEAC16 /* ImageUploader.swift in Sources */ = {isa = PBXBuildFile; fileRef = 0214CF3527F4781300FEAC16 /* ImageUploader.swift */; };
		0214CF3827F4B34C00FEAC16 /* UserService.swift in Sources */ = {isa = PBXBuildFile; fileRef = 0214CF3727F4B34C00FEAC16 /* UserService.swift */; };
		0214CF3A27F4B6F600FEAC16 /* UserModel.swift in Sources */ = {isa = PBXBuildFile; fileRef = 0214CF3927F4B6F600FEAC16 /* UserModel.swift */; };
		0214CF3D27F4BEB100FEAC16 /* Kingfisher in Frameworks */ = {isa = PBXBuildFile; productRef = 0214CF3C27F4BEB100FEAC16 /* Kingfisher */; };
		022B9F0927F4511F005CAECB /* PhotoSelectorView.swift in Sources */ = {isa = PBXBuildFile; fileRef = 022B9F0827F4511F005CAECB /* PhotoSelectorView.swift */; };
		022B9F0C27F459E1005CAECB /* ImagePicker.swift in Sources */ = {isa = PBXBuildFile; fileRef = 022B9F0B27F459E1005CAECB /* ImagePicker.swift */; };
		0272B23227ECA27C003145AA /* TwitterCloneApp.swift in Sources */ = {isa = PBXBuildFile; fileRef = 0272B23127ECA27C003145AA /* TwitterCloneApp.swift */; };
		0272B23427ECA27C003145AA /* ContentView.swift in Sources */ = {isa = PBXBuildFile; fileRef = 0272B23327ECA27C003145AA /* ContentView.swift */; };
		0272B23627ECA27C003145AA /* Assets.xcassets in Resources */ = {isa = PBXBuildFile; fileRef = 0272B23527ECA27C003145AA /* Assets.xcassets */; };
		0272B23927ECA27C003145AA /* Preview Assets.xcassets in Resources */ = {isa = PBXBuildFile; fileRef = 0272B23827ECA27C003145AA /* Preview Assets.xcassets */; };
		0272B24A27ECA332003145AA /* Feed.swift in Sources */ = {isa = PBXBuildFile; fileRef = 0272B24927ECA332003145AA /* Feed.swift */; };
		0272B24D27ECA6F2003145AA /* TweetsRowView.swift in Sources */ = {isa = PBXBuildFile; fileRef = 0272B24C27ECA6F2003145AA /* TweetsRowView.swift */; };
		0272B25027ECAA81003145AA /* UserInfoWithTweetDate.swift in Sources */ = {isa = PBXBuildFile; fileRef = 0272B24F27ECAA81003145AA /* UserInfoWithTweetDate.swift */; };
		0272B25227ECABB6003145AA /* TweetActions.swift in Sources */ = {isa = PBXBuildFile; fileRef = 0272B25127ECABB6003145AA /* TweetActions.swift */; };
		0272B25527ECB1D8003145AA /* MainTabView.swift in Sources */ = {isa = PBXBuildFile; fileRef = 0272B25427ECB1D8003145AA /* MainTabView.swift */; };
		0272B25A27ECB3F8003145AA /* ExploreView.swift in Sources */ = {isa = PBXBuildFile; fileRef = 0272B25927ECB3F8003145AA /* ExploreView.swift */; };
		0272B25E27ECB41F003145AA /* NotificationView.swift in Sources */ = {isa = PBXBuildFile; fileRef = 0272B25D27ECB41F003145AA /* NotificationView.swift */; };
		0272B26227ECB45B003145AA /* ProfileView.swift in Sources */ = {isa = PBXBuildFile; fileRef = 0272B26127ECB45B003145AA /* ProfileView.swift */; };
		0272B26527ECC547003145AA /* TweetFilterViewModel.swift in Sources */ = {isa = PBXBuildFile; fileRef = 0272B26427ECC547003145AA /* TweetFilterViewModel.swift */; };
		0272B26927ECD618003145AA /* SingleUserView.swift in Sources */ = {isa = PBXBuildFile; fileRef = 0272B26827ECD618003145AA /* SingleUserView.swift */; };
		0272B26E27ECDB70003145AA /* SideMenuView.swift in Sources */ = {isa = PBXBuildFile; fileRef = 0272B26D27ECDB70003145AA /* SideMenuView.swift */; };
		0272B27027ECDB82003145AA /* SideMenuRowView.swift in Sources */ = {isa = PBXBuildFile; fileRef = 0272B26F27ECDB82003145AA /* SideMenuRowView.swift */; };
		0272B27327ECDB99003145AA /* SideMenuViewModel.swift in Sources */ = {isa = PBXBuildFile; fileRef = 0272B27227ECDB99003145AA /* SideMenuViewModel.swift */; };
		0272B27527ECDDBE003145AA /* UserStatsView.swift in Sources */ = {isa = PBXBuildFile; fileRef = 0272B27427ECDDBE003145AA /* UserStatsView.swift */; };
		0272B27A27ED1A1C003145AA /* NewTweetView.swift in Sources */ = {isa = PBXBuildFile; fileRef = 0272B27927ED1A1C003145AA /* NewTweetView.swift */; };
		02878B4127EDF9D300330DE0 /* TextArea.swift in Sources */ = {isa = PBXBuildFile; fileRef = 02878B4027EDF9D300330DE0 /* TextArea.swift */; };
		02878B4627EE016000330DE0 /* LoginView.swift in Sources */ = {isa = PBXBuildFile; fileRef = 02878B4527EE016000330DE0 /* LoginView.swift */; };
		02878B4827EE03F900330DE0 /* RoundedShape.swift in Sources */ = {isa = PBXBuildFile; fileRef = 02878B4727EE03F900330DE0 /* RoundedShape.swift */; };
		02878B4A27EE09DF00330DE0 /* CustomInput.swift in Sources */ = {isa = PBXBuildFile; fileRef = 02878B4927EE09DF00330DE0 /* CustomInput.swift */; };
		02878B4C27EE1AE100330DE0 /* RegisterView.swift in Sources */ = {isa = PBXBuildFile; fileRef = 02878B4B27EE1AE100330DE0 /* RegisterView.swift */; };
		02878B4E27EE1B4C00330DE0 /* TopPagesView.swift in Sources */ = {isa = PBXBuildFile; fileRef = 02878B4D27EE1B4C00330DE0 /* TopPagesView.swift */; };
		02878B5027EE208400330DE0 /* GoogleService-Info.plist in Resources */ = {isa = PBXBuildFile; fileRef = 02878B4F27EE208400330DE0 /* GoogleService-Info.plist */; };
		02878B5327EE262100330DE0 /* FirebaseAuth in Frameworks */ = {isa = PBXBuildFile; productRef = 02878B5227EE262100330DE0 /* FirebaseAuth */; };
		02878B5527EE262100330DE0 /* FirebaseFirestore in Frameworks */ = {isa = PBXBuildFile; productRef = 02878B5427EE262100330DE0 /* FirebaseFirestore */; };
		02878B5727EE262100330DE0 /* FirebaseFirestoreSwift-Beta in Frameworks */ = {isa = PBXBuildFile; productRef = 02878B5627EE262100330DE0 /* FirebaseFirestoreSwift-Beta */; };
		02878B5927EE262100330DE0 /* FirebaseStorage in Frameworks */ = {isa = PBXBuildFile; productRef = 02878B5827EE262100330DE0 /* FirebaseStorage */; };
		02878B5B27EE27B700330DE0 /* AuthViewModel.swift in Sources */ = {isa = PBXBuildFile; fileRef = 02878B5A27EE27B700330DE0 /* AuthViewModel.swift */; };
/* End PBXBuildFile section */

/* Begin PBXFileReference section */
		0214CF3527F4781300FEAC16 /* ImageUploader.swift */ = {isa = PBXFileReference; lastKnownFileType = sourcecode.swift; path = ImageUploader.swift; sourceTree = "<group>"; };
		0214CF3727F4B34C00FEAC16 /* UserService.swift */ = {isa = PBXFileReference; lastKnownFileType = sourcecode.swift; path = UserService.swift; sourceTree = "<group>"; };
		0214CF3927F4B6F600FEAC16 /* UserModel.swift */ = {isa = PBXFileReference; lastKnownFileType = sourcecode.swift; path = UserModel.swift; sourceTree = "<group>"; };
		022B9F0827F4511F005CAECB /* PhotoSelectorView.swift */ = {isa = PBXFileReference; lastKnownFileType = sourcecode.swift; path = PhotoSelectorView.swift; sourceTree = "<group>"; };
		022B9F0B27F459E1005CAECB /* ImagePicker.swift */ = {isa = PBXFileReference; lastKnownFileType = sourcecode.swift; path = ImagePicker.swift; sourceTree = "<group>"; };
		0272B22E27ECA27C003145AA /* TwitterClone.app */ = {isa = PBXFileReference; explicitFileType = wrapper.application; includeInIndex = 0; path = TwitterClone.app; sourceTree = BUILT_PRODUCTS_DIR; };
		0272B23127ECA27C003145AA /* TwitterCloneApp.swift */ = {isa = PBXFileReference; lastKnownFileType = sourcecode.swift; path = TwitterCloneApp.swift; sourceTree = "<group>"; };
		0272B23327ECA27C003145AA /* ContentView.swift */ = {isa = PBXFileReference; lastKnownFileType = sourcecode.swift; path = ContentView.swift; sourceTree = "<group>"; };
		0272B23527ECA27C003145AA /* Assets.xcassets */ = {isa = PBXFileReference; lastKnownFileType = folder.assetcatalog; path = Assets.xcassets; sourceTree = "<group>"; };
		0272B23827ECA27C003145AA /* Preview Assets.xcassets */ = {isa = PBXFileReference; lastKnownFileType = folder.assetcatalog; path = "Preview Assets.xcassets"; sourceTree = "<group>"; };
		0272B24927ECA332003145AA /* Feed.swift */ = {isa = PBXFileReference; lastKnownFileType = sourcecode.swift; path = Feed.swift; sourceTree = "<group>"; };
		0272B24C27ECA6F2003145AA /* TweetsRowView.swift */ = {isa = PBXFileReference; lastKnownFileType = sourcecode.swift; path = TweetsRowView.swift; sourceTree = "<group>"; };
		0272B24F27ECAA81003145AA /* UserInfoWithTweetDate.swift */ = {isa = PBXFileReference; lastKnownFileType = sourcecode.swift; path = UserInfoWithTweetDate.swift; sourceTree = "<group>"; };
		0272B25127ECABB6003145AA /* TweetActions.swift */ = {isa = PBXFileReference; lastKnownFileType = sourcecode.swift; path = TweetActions.swift; sourceTree = "<group>"; };
		0272B25427ECB1D8003145AA /* MainTabView.swift */ = {isa = PBXFileReference; lastKnownFileType = sourcecode.swift; path = MainTabView.swift; sourceTree = "<group>"; };
		0272B25927ECB3F8003145AA /* ExploreView.swift */ = {isa = PBXFileReference; lastKnownFileType = sourcecode.swift; path = ExploreView.swift; sourceTree = "<group>"; };
		0272B25D27ECB41F003145AA /* NotificationView.swift */ = {isa = PBXFileReference; lastKnownFileType = sourcecode.swift; path = NotificationView.swift; sourceTree = "<group>"; };
		0272B26127ECB45B003145AA /* ProfileView.swift */ = {isa = PBXFileReference; lastKnownFileType = sourcecode.swift; path = ProfileView.swift; sourceTree = "<group>"; };
		0272B26427ECC547003145AA /* TweetFilterViewModel.swift */ = {isa = PBXFileReference; lastKnownFileType = sourcecode.swift; path = TweetFilterViewModel.swift; sourceTree = "<group>"; };
		0272B26827ECD618003145AA /* SingleUserView.swift */ = {isa = PBXFileReference; lastKnownFileType = sourcecode.swift; path = SingleUserView.swift; sourceTree = "<group>"; };
		0272B26D27ECDB70003145AA /* SideMenuView.swift */ = {isa = PBXFileReference; lastKnownFileType = sourcecode.swift; path = SideMenuView.swift; sourceTree = "<group>"; };
		0272B26F27ECDB82003145AA /* SideMenuRowView.swift */ = {isa = PBXFileReference; lastKnownFileType = sourcecode.swift; path = SideMenuRowView.swift; sourceTree = "<group>"; };
		0272B27227ECDB99003145AA /* SideMenuViewModel.swift */ = {isa = PBXFileReference; lastKnownFileType = sourcecode.swift; path = SideMenuViewModel.swift; sourceTree = "<group>"; };
		0272B27427ECDDBE003145AA /* UserStatsView.swift */ = {isa = PBXFileReference; lastKnownFileType = sourcecode.swift; path = UserStatsView.swift; sourceTree = "<group>"; };
		0272B27927ED1A1C003145AA /* NewTweetView.swift */ = {isa = PBXFileReference; lastKnownFileType = sourcecode.swift; path = NewTweetView.swift; sourceTree = "<group>"; };
		02878B4027EDF9D300330DE0 /* TextArea.swift */ = {isa = PBXFileReference; lastKnownFileType = sourcecode.swift; path = TextArea.swift; sourceTree = "<group>"; };
		02878B4527EE016000330DE0 /* LoginView.swift */ = {isa = PBXFileReference; lastKnownFileType = sourcecode.swift; path = LoginView.swift; sourceTree = "<group>"; };
		02878B4727EE03F900330DE0 /* RoundedShape.swift */ = {isa = PBXFileReference; lastKnownFileType = sourcecode.swift; path = RoundedShape.swift; sourceTree = "<group>"; };
		02878B4927EE09DF00330DE0 /* CustomInput.swift */ = {isa = PBXFileReference; lastKnownFileType = sourcecode.swift; path = CustomInput.swift; sourceTree = "<group>"; };
		02878B4B27EE1AE100330DE0 /* RegisterView.swift */ = {isa = PBXFileReference; lastKnownFileType = sourcecode.swift; path = RegisterView.swift; sourceTree = "<group>"; };
		02878B4D27EE1B4C00330DE0 /* TopPagesView.swift */ = {isa = PBXFileReference; lastKnownFileType = sourcecode.swift; path = TopPagesView.swift; sourceTree = "<group>"; };
		02878B4F27EE208400330DE0 /* GoogleService-Info.plist */ = {isa = PBXFileReference; lastKnownFileType = text.plist; name = "GoogleService-Info.plist"; path = "TwitterClone/GoogleService-Info.plist"; sourceTree = SOURCE_ROOT; };
		02878B5A27EE27B700330DE0 /* AuthViewModel.swift */ = {isa = PBXFileReference; lastKnownFileType = sourcecode.swift; path = AuthViewModel.swift; sourceTree = "<group>"; };
/* End PBXFileReference section */

/* Begin PBXFrameworksBuildPhase section */
		0272B22B27ECA27C003145AA /* Frameworks */ = {
			isa = PBXFrameworksBuildPhase;
			buildActionMask = 2147483647;
			files = (
				02878B5727EE262100330DE0 /* FirebaseFirestoreSwift-Beta in Frameworks */,
				02878B5927EE262100330DE0 /* FirebaseStorage in Frameworks */,
				02878B5327EE262100330DE0 /* FirebaseAuth in Frameworks */,
				02878B5527EE262100330DE0 /* FirebaseFirestore in Frameworks */,
				0214CF3D27F4BEB100FEAC16 /* Kingfisher in Frameworks */,
			);
			runOnlyForDeploymentPostprocessing = 0;
		};
/* End PBXFrameworksBuildPhase section */

/* Begin PBXGroup section */
		022B9F0A27F459D4005CAECB /* Utils */ = {
			isa = PBXGroup;
			children = (
				022B9F0B27F459E1005CAECB /* ImagePicker.swift */,
			);
			path = Utils;
			sourceTree = "<group>";
		};
		0272B22527ECA27C003145AA = {
			isa = PBXGroup;
			children = (
				0272B23027ECA27C003145AA /* TwitterClone */,
				0272B22F27ECA27C003145AA /* Products */,
			);
			sourceTree = "<group>";
		};
		0272B22F27ECA27C003145AA /* Products */ = {
			isa = PBXGroup;
			children = (
				0272B22E27ECA27C003145AA /* TwitterClone.app */,
			);
			name = Products;
			sourceTree = "<group>";
		};
		0272B23027ECA27C003145AA /* TwitterClone */ = {
			isa = PBXGroup;
			children = (
				0272B24327ECA2BB003145AA /* Core */,
				0272B24227ECA2B5003145AA /* Service */,
				0272B24027ECA2A0003145AA /* Model */,
				0272B23F27ECA290003145AA /* Extentions */,
				0272B23127ECA27C003145AA /* TwitterCloneApp.swift */,
				0272B23327ECA27C003145AA /* ContentView.swift */,
				0272B23527ECA27C003145AA /* Assets.xcassets */,
				02878B4F27EE208400330DE0 /* GoogleService-Info.plist */,
				0272B23727ECA27C003145AA /* Preview Content */,
			);
			path = TwitterClone;
			sourceTree = "<group>";
		};
		0272B23727ECA27C003145AA /* Preview Content */ = {
			isa = PBXGroup;
			children = (
				0272B23827ECA27C003145AA /* Preview Assets.xcassets */,
			);
			path = "Preview Content";
			sourceTree = "<group>";
		};
		0272B23F27ECA290003145AA /* Extentions */ = {
			isa = PBXGroup;
			children = (
			);
			path = Extentions;
			sourceTree = "<group>";
		};
		0272B24027ECA2A0003145AA /* Model */ = {
			isa = PBXGroup;
			children = (
				0214CF3927F4B6F600FEAC16 /* UserModel.swift */,
			);
			path = Model;
			sourceTree = "<group>";
		};
		0272B24227ECA2B5003145AA /* Service */ = {
			isa = PBXGroup;
			children = (
				0214CF3527F4781300FEAC16 /* ImageUploader.swift */,
				0214CF3727F4B34C00FEAC16 /* UserService.swift */,
			);
			path = Service;
			sourceTree = "<group>";
		};
		0272B24327ECA2BB003145AA /* Core */ = {
			isa = PBXGroup;
			children = (
				02878B4227EE014000330DE0 /* Auth */,
				0272B27627ED1769003145AA /* NewTweet */,
				0272B26A27ECDB54003145AA /* SideMenu */,
				0272B25F27ECB437003145AA /* Profile */,
				0272B25B27ECB409003145AA /* Notification */,
				0272B25727ECB3E5003145AA /* Explore */,
				0272B25327ECB1B8003145AA /* MainTab */,
				0272B24427ECA2C5003145AA /* Components */,
				0272B24627ECA2E0003145AA /* Feed */,
			);
			path = Core;
			sourceTree = "<group>";
		};
		0272B24427ECA2C5003145AA /* Components */ = {
			isa = PBXGroup;
			children = (
				022B9F0A27F459D4005CAECB /* Utils */,
				0272B26727ECD601003145AA /* Users */,
				0272B24B27ECA6C0003145AA /* Tweets */,
				02878B4727EE03F900330DE0 /* RoundedShape.swift */,
				02878B4927EE09DF00330DE0 /* CustomInput.swift */,
			);
			path = Components;
			sourceTree = "<group>";
		};
		0272B24627ECA2E0003145AA /* Feed */ = {
			isa = PBXGroup;
			children = (
				0272B24727ECA305003145AA /* ViewModels */,
				0272B24827ECA30C003145AA /* View */,
			);
			path = Feed;
			sourceTree = "<group>";
		};
		0272B24727ECA305003145AA /* ViewModels */ = {
			isa = PBXGroup;
			children = (
			);
			path = ViewModels;
			sourceTree = "<group>";
		};
		0272B24827ECA30C003145AA /* View */ = {
			isa = PBXGroup;
			children = (
				0272B24927ECA332003145AA /* Feed.swift */,
			);
			path = View;
			sourceTree = "<group>";
		};
		0272B24B27ECA6C0003145AA /* Tweets */ = {
			isa = PBXGroup;
			children = (
				0272B24E27ECAA5D003145AA /* SingleTweet */,
				02878B4027EDF9D300330DE0 /* TextArea.swift */,
			);
			path = Tweets;
			sourceTree = "<group>";
		};
		0272B24E27ECAA5D003145AA /* SingleTweet */ = {
			isa = PBXGroup;
			children = (
				0272B24C27ECA6F2003145AA /* TweetsRowView.swift */,
				0272B24F27ECAA81003145AA /* UserInfoWithTweetDate.swift */,
				0272B25127ECABB6003145AA /* TweetActions.swift */,
			);
			path = SingleTweet;
			sourceTree = "<group>";
		};
		0272B25327ECB1B8003145AA /* MainTab */ = {
			isa = PBXGroup;
			children = (
				0272B25627ECB1DD003145AA /* View */,
			);
			path = MainTab;
			sourceTree = "<group>";
		};
		0272B25627ECB1DD003145AA /* View */ = {
			isa = PBXGroup;
			children = (
				0272B25427ECB1D8003145AA /* MainTabView.swift */,
			);
			path = View;
			sourceTree = "<group>";
		};
		0272B25727ECB3E5003145AA /* Explore */ = {
			isa = PBXGroup;
			children = (
				0272B26627ECD5DB003145AA /* ViewModels */,
				0272B25827ECB3ED003145AA /* View */,
			);
			path = Explore;
			sourceTree = "<group>";
		};
		0272B25827ECB3ED003145AA /* View */ = {
			isa = PBXGroup;
			children = (
				0272B25927ECB3F8003145AA /* ExploreView.swift */,
			);
			path = View;
			sourceTree = "<group>";
		};
		0272B25B27ECB409003145AA /* Notification */ = {
			isa = PBXGroup;
			children = (
				0272B25C27ECB412003145AA /* View */,
			);
			path = Notification;
			sourceTree = "<group>";
		};
		0272B25C27ECB412003145AA /* View */ = {
			isa = PBXGroup;
			children = (
				0272B25D27ECB41F003145AA /* NotificationView.swift */,
			);
			path = View;
			sourceTree = "<group>";
		};
		0272B25F27ECB437003145AA /* Profile */ = {
			isa = PBXGroup;
			children = (
				0272B26327ECC52A003145AA /* ViewModels */,
				0272B26027ECB43B003145AA /* View */,
			);
			path = Profile;
			sourceTree = "<group>";
		};
		0272B26027ECB43B003145AA /* View */ = {
			isa = PBXGroup;
			children = (
				0272B26127ECB45B003145AA /* ProfileView.swift */,
				0272B26427ECC547003145AA /* TweetFilterViewModel.swift */,
			);
			path = View;
			sourceTree = "<group>";
		};
		0272B26327ECC52A003145AA /* ViewModels */ = {
			isa = PBXGroup;
			children = (
			);
			path = ViewModels;
			sourceTree = "<group>";
		};
		0272B26627ECD5DB003145AA /* ViewModels */ = {
			isa = PBXGroup;
			children = (
			);
			path = ViewModels;
			sourceTree = "<group>";
		};
		0272B26727ECD601003145AA /* Users */ = {
			isa = PBXGroup;
			children = (
				0272B26827ECD618003145AA /* SingleUserView.swift */,
				0272B27427ECDDBE003145AA /* UserStatsView.swift */,
			);
			path = Users;
			sourceTree = "<group>";
		};
		0272B26A27ECDB54003145AA /* SideMenu */ = {
			isa = PBXGroup;
			children = (
				0272B26C27ECDB5F003145AA /* ViewModel */,
				0272B26B27ECDB5A003145AA /* View */,
			);
			path = SideMenu;
			sourceTree = "<group>";
		};
		0272B26B27ECDB5A003145AA /* View */ = {
			isa = PBXGroup;
			children = (
				0272B26D27ECDB70003145AA /* SideMenuView.swift */,
				0272B26F27ECDB82003145AA /* SideMenuRowView.swift */,
			);
			path = View;
			sourceTree = "<group>";
		};
		0272B26C27ECDB5F003145AA /* ViewModel */ = {
			isa = PBXGroup;
			children = (
				0272B27227ECDB99003145AA /* SideMenuViewModel.swift */,
			);
			path = ViewModel;
			sourceTree = "<group>";
		};
		0272B27627ED1769003145AA /* NewTweet */ = {
			isa = PBXGroup;
			children = (
				0272B27827ED177B003145AA /* ViewModel */,
				0272B27727ED1774003145AA /* View */,
			);
			path = NewTweet;
			sourceTree = "<group>";
		};
		0272B27727ED1774003145AA /* View */ = {
			isa = PBXGroup;
			children = (
				0272B27927ED1A1C003145AA /* NewTweetView.swift */,
			);
			path = View;
			sourceTree = "<group>";
		};
		0272B27827ED177B003145AA /* ViewModel */ = {
			isa = PBXGroup;
			children = (
			);
			path = ViewModel;
			sourceTree = "<group>";
		};
		02878B4227EE014000330DE0 /* Auth */ = {
			isa = PBXGroup;
			children = (
				02878B4427EE014F00330DE0 /* ViewModel */,
				02878B4327EE014600330DE0 /* View */,
			);
			path = Auth;
			sourceTree = "<group>";
		};
		02878B4327EE014600330DE0 /* View */ = {
			isa = PBXGroup;
			children = (
				02878B4527EE016000330DE0 /* LoginView.swift */,
				02878B4B27EE1AE100330DE0 /* RegisterView.swift */,
				02878B4D27EE1B4C00330DE0 /* TopPagesView.swift */,
				022B9F0827F4511F005CAECB /* PhotoSelectorView.swift */,
			);
			path = View;
			sourceTree = "<group>";
		};
		02878B4427EE014F00330DE0 /* ViewModel */ = {
			isa = PBXGroup;
			children = (
				02878B5A27EE27B700330DE0 /* AuthViewModel.swift */,
			);
			path = ViewModel;
			sourceTree = "<group>";
		};
/* End PBXGroup section */

/* Begin PBXNativeTarget section */
		0272B22D27ECA27C003145AA /* TwitterClone */ = {
			isa = PBXNativeTarget;
			buildConfigurationList = 0272B23C27ECA27C003145AA /* Build configuration list for PBXNativeTarget "TwitterClone" */;
			buildPhases = (
				0272B22A27ECA27C003145AA /* Sources */,
				0272B22B27ECA27C003145AA /* Frameworks */,
				0272B22C27ECA27C003145AA /* Resources */,
			);
			buildRules = (
			);
			dependencies = (
			);
			name = TwitterClone;
			packageProductDependencies = (
				02878B5227EE262100330DE0 /* FirebaseAuth */,
				02878B5427EE262100330DE0 /* FirebaseFirestore */,
				02878B5627EE262100330DE0 /* FirebaseFirestoreSwift-Beta */,
				02878B5827EE262100330DE0 /* FirebaseStorage */,
				0214CF3C27F4BEB100FEAC16 /* Kingfisher */,
			);
			productName = TwitterClone;
			productReference = 0272B22E27ECA27C003145AA /* TwitterClone.app */;
			productType = "com.apple.product-type.application";
		};
/* End PBXNativeTarget section */

/* Begin PBXProject section */
		0272B22627ECA27C003145AA /* Project object */ = {
			isa = PBXProject;
			attributes = {
				BuildIndependentTargetsInParallel = 1;
				LastSwiftUpdateCheck = 1330;
				LastUpgradeCheck = 1330;
				TargetAttributes = {
					0272B22D27ECA27C003145AA = {
						CreatedOnToolsVersion = 13.3;
					};
				};
			};
			buildConfigurationList = 0272B22927ECA27C003145AA /* Build configuration list for PBXProject "TwitterClone" */;
			compatibilityVersion = "Xcode 13.0";
			developmentRegion = en;
			hasScannedForEncodings = 0;
			knownRegions = (
				en,
				Base,
			);
			mainGroup = 0272B22527ECA27C003145AA;
			packageReferences = (
				02878B5127EE262100330DE0 /* XCRemoteSwiftPackageReference "firebase-ios-sdk" */,
				0214CF3B27F4BEB100FEAC16 /* XCRemoteSwiftPackageReference "Kingfisher" */,
			);
			productRefGroup = 0272B22F27ECA27C003145AA /* Products */;
			projectDirPath = "";
			projectRoot = "";
			targets = (
				0272B22D27ECA27C003145AA /* TwitterClone */,
			);
		};
/* End PBXProject section */

/* Begin PBXResourcesBuildPhase section */
		0272B22C27ECA27C003145AA /* Resources */ = {
			isa = PBXResourcesBuildPhase;
			buildActionMask = 2147483647;
			files = (
				0272B23927ECA27C003145AA /* Preview Assets.xcassets in Resources */,
				0272B23627ECA27C003145AA /* Assets.xcassets in Resources */,
				02878B5027EE208400330DE0 /* GoogleService-Info.plist in Resources */,
			);
			runOnlyForDeploymentPostprocessing = 0;
		};
/* End PBXResourcesBuildPhase section */

/* Begin PBXSourcesBuildPhase section */
		0272B22A27ECA27C003145AA /* Sources */ = {
			isa = PBXSourcesBuildPhase;
			buildActionMask = 2147483647;
			files = (
				0214CF3827F4B34C00FEAC16 /* UserService.swift in Sources */,
				0272B25027ECAA81003145AA /* UserInfoWithTweetDate.swift in Sources */,
				0272B23427ECA27C003145AA /* ContentView.swift in Sources */,
				0214CF3A27F4B6F600FEAC16 /* UserModel.swift in Sources */,
				0272B26227ECB45B003145AA /* ProfileView.swift in Sources */,
				0272B27027ECDB82003145AA /* SideMenuRowView.swift in Sources */,
				0272B26E27ECDB70003145AA /* SideMenuView.swift in Sources */,
				0272B24D27ECA6F2003145AA /* TweetsRowView.swift in Sources */,
				0272B25227ECABB6003145AA /* TweetActions.swift in Sources */,
				02878B4127EDF9D300330DE0 /* TextArea.swift in Sources */,
				0272B27527ECDDBE003145AA /* UserStatsView.swift in Sources */,
				0272B25527ECB1D8003145AA /* MainTabView.swift in Sources */,
				02878B4E27EE1B4C00330DE0 /* TopPagesView.swift in Sources */,
				0272B27A27ED1A1C003145AA /* NewTweetView.swift in Sources */,
				02878B4C27EE1AE100330DE0 /* RegisterView.swift in Sources */,
				022B9F0C27F459E1005CAECB /* ImagePicker.swift in Sources */,
				0272B24A27ECA332003145AA /* Feed.swift in Sources */,
				0272B26927ECD618003145AA /* SingleUserView.swift in Sources */,
				0272B25A27ECB3F8003145AA /* ExploreView.swift in Sources */,
				02878B4A27EE09DF00330DE0 /* CustomInput.swift in Sources */,
				0272B26527ECC547003145AA /* TweetFilterViewModel.swift in Sources */,
				02878B4827EE03F900330DE0 /* RoundedShape.swift in Sources */,
				0272B23227ECA27C003145AA /* TwitterCloneApp.swift in Sources */,
				02878B5B27EE27B700330DE0 /* AuthViewModel.swift in Sources */,
				02878B4627EE016000330DE0 /* LoginView.swift in Sources */,
				0214CF3627F4781300FEAC16 /* ImageUploader.swift in Sources */,
				0272B27327ECDB99003145AA /* SideMenuViewModel.swift in Sources */,
				0272B25E27ECB41F003145AA /* NotificationView.swift in Sources */,
				022B9F0927F4511F005CAECB /* PhotoSelectorView.swift in Sources */,
			);
			runOnlyForDeploymentPostprocessing = 0;
		};
/* End PBXSourcesBuildPhase section */

/* Begin XCBuildConfiguration section */
		0272B23A27ECA27C003145AA /* Debug */ = {
			isa = XCBuildConfiguration;
			buildSettings = {
				ALWAYS_SEARCH_USER_PATHS = NO;
				CLANG_ANALYZER_NONNULL = YES;
				CLANG_ANALYZER_NUMBER_OBJECT_CONVERSION = YES_AGGRESSIVE;
				CLANG_CXX_LANGUAGE_STANDARD = "gnu++17";
				CLANG_ENABLE_MODULES = YES;
				CLANG_ENABLE_OBJC_ARC = YES;
				CLANG_ENABLE_OBJC_WEAK = YES;
				CLANG_WARN_BLOCK_CAPTURE_AUTORELEASING = YES;
				CLANG_WARN_BOOL_CONVERSION = YES;
				CLANG_WARN_COMMA = YES;
				CLANG_WARN_CONSTANT_CONVERSION = YES;
				CLANG_WARN_DEPRECATED_OBJC_IMPLEMENTATIONS = YES;
				CLANG_WARN_DIRECT_OBJC_ISA_USAGE = YES_ERROR;
				CLANG_WARN_DOCUMENTATION_COMMENTS = YES;
				CLANG_WARN_EMPTY_BODY = YES;
				CLANG_WARN_ENUM_CONVERSION = YES;
				CLANG_WARN_INFINITE_RECURSION = YES;
				CLANG_WARN_INT_CONVERSION = YES;
				CLANG_WARN_NON_LITERAL_NULL_CONVERSION = YES;
				CLANG_WARN_OBJC_IMPLICIT_RETAIN_SELF = YES;
				CLANG_WARN_OBJC_LITERAL_CONVERSION = YES;
				CLANG_WARN_OBJC_ROOT_CLASS = YES_ERROR;
				CLANG_WARN_QUOTED_INCLUDE_IN_FRAMEWORK_HEADER = YES;
				CLANG_WARN_RANGE_LOOP_ANALYSIS = YES;
				CLANG_WARN_STRICT_PROTOTYPES = YES;
				CLANG_WARN_SUSPICIOUS_MOVE = YES;
				CLANG_WARN_UNGUARDED_AVAILABILITY = YES_AGGRESSIVE;
				CLANG_WARN_UNREACHABLE_CODE = YES;
				CLANG_WARN__DUPLICATE_METHOD_MATCH = YES;
				COPY_PHASE_STRIP = NO;
				DEBUG_INFORMATION_FORMAT = dwarf;
				ENABLE_STRICT_OBJC_MSGSEND = YES;
				ENABLE_TESTABILITY = YES;
				GCC_C_LANGUAGE_STANDARD = gnu11;
				GCC_DYNAMIC_NO_PIC = NO;
				GCC_NO_COMMON_BLOCKS = YES;
				GCC_OPTIMIZATION_LEVEL = 0;
				GCC_PREPROCESSOR_DEFINITIONS = (
					"DEBUG=1",
					"$(inherited)",
				);
				GCC_WARN_64_TO_32_BIT_CONVERSION = YES;
				GCC_WARN_ABOUT_RETURN_TYPE = YES_ERROR;
				GCC_WARN_UNDECLARED_SELECTOR = YES;
				GCC_WARN_UNINITIALIZED_AUTOS = YES_AGGRESSIVE;
				GCC_WARN_UNUSED_FUNCTION = YES;
				GCC_WARN_UNUSED_VARIABLE = YES;
				IPHONEOS_DEPLOYMENT_TARGET = 15.4;
				MTL_ENABLE_DEBUG_INFO = INCLUDE_SOURCE;
				MTL_FAST_MATH = YES;
				ONLY_ACTIVE_ARCH = YES;
				SDKROOT = iphoneos;
				SWIFT_ACTIVE_COMPILATION_CONDITIONS = DEBUG;
				SWIFT_OPTIMIZATION_LEVEL = "-Onone";
			};
			name = Debug;
		};
		0272B23B27ECA27C003145AA /* Release */ = {
			isa = XCBuildConfiguration;
			buildSettings = {
				ALWAYS_SEARCH_USER_PATHS = NO;
				CLANG_ANALYZER_NONNULL = YES;
				CLANG_ANALYZER_NUMBER_OBJECT_CONVERSION = YES_AGGRESSIVE;
				CLANG_CXX_LANGUAGE_STANDARD = "gnu++17";
				CLANG_ENABLE_MODULES = YES;
				CLANG_ENABLE_OBJC_ARC = YES;
				CLANG_ENABLE_OBJC_WEAK = YES;
				CLANG_WARN_BLOCK_CAPTURE_AUTORELEASING = YES;
				CLANG_WARN_BOOL_CONVERSION = YES;
				CLANG_WARN_COMMA = YES;
				CLANG_WARN_CONSTANT_CONVERSION = YES;
				CLANG_WARN_DEPRECATED_OBJC_IMPLEMENTATIONS = YES;
				CLANG_WARN_DIRECT_OBJC_ISA_USAGE = YES_ERROR;
				CLANG_WARN_DOCUMENTATION_COMMENTS = YES;
				CLANG_WARN_EMPTY_BODY = YES;
				CLANG_WARN_ENUM_CONVERSION = YES;
				CLANG_WARN_INFINITE_RECURSION = YES;
				CLANG_WARN_INT_CONVERSION = YES;
				CLANG_WARN_NON_LITERAL_NULL_CONVERSION = YES;
				CLANG_WARN_OBJC_IMPLICIT_RETAIN_SELF = YES;
				CLANG_WARN_OBJC_LITERAL_CONVERSION = YES;
				CLANG_WARN_OBJC_ROOT_CLASS = YES_ERROR;
				CLANG_WARN_QUOTED_INCLUDE_IN_FRAMEWORK_HEADER = YES;
				CLANG_WARN_RANGE_LOOP_ANALYSIS = YES;
				CLANG_WARN_STRICT_PROTOTYPES = YES;
				CLANG_WARN_SUSPICIOUS_MOVE = YES;
				CLANG_WARN_UNGUARDED_AVAILABILITY = YES_AGGRESSIVE;
				CLANG_WARN_UNREACHABLE_CODE = YES;
				CLANG_WARN__DUPLICATE_METHOD_MATCH = YES;
				COPY_PHASE_STRIP = NO;
				DEBUG_INFORMATION_FORMAT = "dwarf-with-dsym";
				ENABLE_NS_ASSERTIONS = NO;
				ENABLE_STRICT_OBJC_MSGSEND = YES;
				GCC_C_LANGUAGE_STANDARD = gnu11;
				GCC_NO_COMMON_BLOCKS = YES;
				GCC_WARN_64_TO_32_BIT_CONVERSION = YES;
				GCC_WARN_ABOUT_RETURN_TYPE = YES_ERROR;
				GCC_WARN_UNDECLARED_SELECTOR = YES;
				GCC_WARN_UNINITIALIZED_AUTOS = YES_AGGRESSIVE;
				GCC_WARN_UNUSED_FUNCTION = YES;
				GCC_WARN_UNUSED_VARIABLE = YES;
				IPHONEOS_DEPLOYMENT_TARGET = 15.4;
				MTL_ENABLE_DEBUG_INFO = NO;
				MTL_FAST_MATH = YES;
				SDKROOT = iphoneos;
				SWIFT_COMPILATION_MODE = wholemodule;
				SWIFT_OPTIMIZATION_LEVEL = "-O";
				VALIDATE_PRODUCT = YES;
			};
			name = Release;
		};
		0272B23D27ECA27C003145AA /* Debug */ = {
			isa = XCBuildConfiguration;
			buildSettings = {
				ASSETCATALOG_COMPILER_APPICON_NAME = AppIcon;
				ASSETCATALOG_COMPILER_GLOBAL_ACCENT_COLOR_NAME = AccentColor;
				CODE_SIGN_STYLE = Automatic;
				CURRENT_PROJECT_VERSION = 1;
				DEVELOPMENT_ASSET_PATHS = "\"TwitterClone/Preview Content\"";
				DEVELOPMENT_TEAM = 9ZRP74RC97;
				ENABLE_PREVIEWS = YES;
				GENERATE_INFOPLIST_FILE = YES;
				INFOPLIST_KEY_UIApplicationSceneManifest_Generation = YES;
				INFOPLIST_KEY_UIApplicationSupportsIndirectInputEvents = YES;
				INFOPLIST_KEY_UILaunchScreen_Generation = YES;
				INFOPLIST_KEY_UISupportedInterfaceOrientations_iPad = "UIInterfaceOrientationPortrait UIInterfaceOrientationPortraitUpsideDown UIInterfaceOrientationLandscapeLeft UIInterfaceOrientationLandscapeRight";
				INFOPLIST_KEY_UISupportedInterfaceOrientations_iPhone = "UIInterfaceOrientationPortrait UIInterfaceOrientationLandscapeLeft UIInterfaceOrientationLandscapeRight";
				LD_RUNPATH_SEARCH_PATHS = (
					"$(inherited)",
					"@executable_path/Frameworks",
				);
				MARKETING_VERSION = 1.0;
				PRODUCT_BUNDLE_IDENTIFIER = pro.mehrun.TwitterClone;
				PRODUCT_NAME = "$(TARGET_NAME)";
				SWIFT_EMIT_LOC_STRINGS = YES;
				SWIFT_VERSION = 5.0;
				TARGETED_DEVICE_FAMILY = "1,2";
			};
			name = Debug;
		};
		0272B23E27ECA27C003145AA /* Release */ = {
			isa = XCBuildConfiguration;
			buildSettings = {
				ASSETCATALOG_COMPILER_APPICON_NAME = AppIcon;
				ASSETCATALOG_COMPILER_GLOBAL_ACCENT_COLOR_NAME = AccentColor;
				CODE_SIGN_STYLE = Automatic;
				CURRENT_PROJECT_VERSION = 1;
				DEVELOPMENT_ASSET_PATHS = "\"TwitterClone/Preview Content\"";
				DEVELOPMENT_TEAM = 9ZRP74RC97;
				ENABLE_PREVIEWS = YES;
				GENERATE_INFOPLIST_FILE = YES;
				INFOPLIST_KEY_UIApplicationSceneManifest_Generation = YES;
				INFOPLIST_KEY_UIApplicationSupportsIndirectInputEvents = YES;
				INFOPLIST_KEY_UILaunchScreen_Generation = YES;
				INFOPLIST_KEY_UISupportedInterfaceOrientations_iPad = "UIInterfaceOrientationPortrait UIInterfaceOrientationPortraitUpsideDown UIInterfaceOrientationLandscapeLeft UIInterfaceOrientationLandscapeRight";
				INFOPLIST_KEY_UISupportedInterfaceOrientations_iPhone = "UIInterfaceOrientationPortrait UIInterfaceOrientationLandscapeLeft UIInterfaceOrientationLandscapeRight";
				LD_RUNPATH_SEARCH_PATHS = (
					"$(inherited)",
					"@executable_path/Frameworks",
				);
				MARKETING_VERSION = 1.0;
				PRODUCT_BUNDLE_IDENTIFIER = pro.mehrun.TwitterClone;
				PRODUCT_NAME = "$(TARGET_NAME)";
				SWIFT_EMIT_LOC_STRINGS = YES;
				SWIFT_VERSION = 5.0;
				TARGETED_DEVICE_FAMILY = "1,2";
			};
			name = Release;
		};
/* End XCBuildConfiguration section */

/* Begin XCConfigurationList section */
		0272B22927ECA27C003145AA /* Build configuration list for PBXProject "TwitterClone" */ = {
			isa = XCConfigurationList;
			buildConfigurations = (
				0272B23A27ECA27C003145AA /* Debug */,
				0272B23B27ECA27C003145AA /* Release */,
			);
			defaultConfigurationIsVisible = 0;
			defaultConfigurationName = Release;
		};
		0272B23C27ECA27C003145AA /* Build configuration list for PBXNativeTarget "TwitterClone" */ = {
			isa = XCConfigurationList;
			buildConfigurations = (
				0272B23D27ECA27C003145AA /* Debug */,
				0272B23E27ECA27C003145AA /* Release */,
			);
			defaultConfigurationIsVisible = 0;
			defaultConfigurationName = Release;
		};
/* End XCConfigurationList section */

/* Begin XCRemoteSwiftPackageReference section */
		0214CF3B27F4BEB100FEAC16 /* XCRemoteSwiftPackageReference "Kingfisher" */ = {
			isa = XCRemoteSwiftPackageReference;
			repositoryURL = "https://github.com/onevcat/Kingfisher.git";
			requirement = {
				kind = upToNextMajorVersion;
				minimumVersion = 7.0.0;
			};
		};
		02878B5127EE262100330DE0 /* XCRemoteSwiftPackageReference "firebase-ios-sdk" */ = {
			isa = XCRemoteSwiftPackageReference;
			repositoryURL = "https://github.com/firebase/firebase-ios-sdk";
			requirement = {
				kind = upToNextMajorVersion;
				minimumVersion = 8.0.0;
			};
		};
/* End XCRemoteSwiftPackageReference section */

/* Begin XCSwiftPackageProductDependency section */
		0214CF3C27F4BEB100FEAC16 /* Kingfisher */ = {
			isa = XCSwiftPackageProductDependency;
			package = 0214CF3B27F4BEB100FEAC16 /* XCRemoteSwiftPackageReference "Kingfisher" */;
			productName = Kingfisher;
		};
		02878B5227EE262100330DE0 /* FirebaseAuth */ = {
			isa = XCSwiftPackageProductDependency;
			package = 02878B5127EE262100330DE0 /* XCRemoteSwiftPackageReference "firebase-ios-sdk" */;
			productName = FirebaseAuth;
		};
		02878B5427EE262100330DE0 /* FirebaseFirestore */ = {
			isa = XCSwiftPackageProductDependency;
			package = 02878B5127EE262100330DE0 /* XCRemoteSwiftPackageReference "firebase-ios-sdk" */;
			productName = FirebaseFirestore;
		};
		02878B5627EE262100330DE0 /* FirebaseFirestoreSwift-Beta */ = {
			isa = XCSwiftPackageProductDependency;
			package = 02878B5127EE262100330DE0 /* XCRemoteSwiftPackageReference "firebase-ios-sdk" */;
			productName = "FirebaseFirestoreSwift-Beta";
		};
		02878B5827EE262100330DE0 /* FirebaseStorage */ = {
			isa = XCSwiftPackageProductDependency;
			package = 02878B5127EE262100330DE0 /* XCRemoteSwiftPackageReference "firebase-ios-sdk" */;
			productName = FirebaseStorage;
		};
/* End XCSwiftPackageProductDependency section */
	};
	rootObject = 0272B22627ECA27C003145AA /* Project object */;
}
